
Microsoft Visual Studio Solution File, Format Version 12.00
# Visual Studio Version 17
VisualStudioVersion = 17.1.32328.378
MinimumVisualStudioVersion = 10.0.40219.1
Project("{FAE04EC0-301F-11D3-BF4B-00C04F79EFBC}") = "gg", "gg\gg.csproj", "{EFDC7C8A-1BD0-4EF2-89D3-BE11E5EC997D}"
EndProject
Project("{FAE04EC0-301F-11D3-BF4B-00C04F79EFBC}") = "form", "form-ochka\form.csproj", "{B3931737-A891-42F2-8E90-86ED99469060}"
EndProject
Global
	GlobalSection(SolutionConfigurationPlatforms) = preSolution
		Debug|Any CPU = Debug|Any CPU
		Release|Any CPU = Release|Any CPU
	EndGlobalSection
	GlobalSection(ProjectConfigurationPlatforms) = postSolution
		{EFDC7C8A-1BD0-4EF2-89D3-BE11E5EC997D}.Debug|Any CPU.ActiveCfg = Debug|Any CPU
		{EFDC7C8A-1BD0-4EF2-89D3-BE11E5EC997D}.Debug|Any CPU.Build.0 = Debug|Any CPU
		{EFDC7C8A-1BD0-4EF2-89D3-BE11E5EC997D}.Release|Any CPU.ActiveCfg = Release|Any CPU
		{EFDC7C8A-1BD0-4EF2-89D3-BE11E5EC997D}.Release|Any CPU.Build.0 = Release|Any CPU
		{B3931737-A891-42F2-8E90-86ED99469060}.Debug|Any CPU.ActiveCfg = Debug|Any CPU
		{B3931737-A891-42F2-8E90-86ED99469060}.Debug|Any CPU.Build.0 = Debug|Any CPU
		{B3931737-A891-42F2-8E90-86ED99469060}.Release|Any CPU.ActiveCfg = Release|Any CPU
		{B3931737-A891-42F2-8E90-86ED99469060}.Release|Any CPU.Build.0 = Release|Any CPU
	EndGlobalSection
	GlobalSection(SolutionProperties) = preSolution
		HideSolutionNode = FALSE
	EndGlobalSection
	GlobalSection(ExtensibilityGlobals) = postSolution
		SolutionGuid = {36A0D2F0-2C42-4A1E-AC8A-D1A6711C4F30}
	EndGlobalSection
EndGlobal
